# THIS IS AN AUTOGENERATED FILE. DO NOT EDIT THIS FILE DIRECTLY.
# yarn lockfile v1


"@gct256/hexdump@^0.1.1":
  version "0.1.1"
  resolved "https://registry.yarnpkg.com/@gct256/hexdump/-/hexdump-0.1.1.tgz#f4fd0f2ec3472dc340ab594ec2cef542bd066d7c"
  integrity sha512-xEtXq1NhDwPqhtWlgSEJLdDAT6+rTVrKcOXKdX0RF9+ZL0uqBBT2SaIVfO5YpKPm6CzQhHw9ZGypKopx3nQwcA==

"@types/ip-address@^5.8.2":
  version "5.8.2"
  resolved "https://registry.yarnpkg.com/@types/ip-address/-/ip-address-5.8.2.tgz#5e413c477f78b3a264745eac937538a6e6e0c1f6"
  integrity sha512-LFlDGRjJDnahfPyNCZGXvlaevSmZTi/zDxjTdXeTs8TQ9pQkNZKbCWaJXW29a3bGPRsASqeO+jGgZlaTUi9jTw==
  dependencies:
    "@types/jsbn" "*"

"@types/jsbn@*":
  version "1.2.29"
  resolved "https://registry.yarnpkg.com/@types/jsbn/-/jsbn-1.2.29.tgz#28229bc0262c704a1506c3ed69a7d7e115bd7832"
  integrity sha512-2dVz9LTEGWVj9Ov9zaDnpvqHFV+W4bXtU0EUEGAzWfdRNO3dlUuosdHpENI6/oQW+Kejn0hAjk6P/czs9h/hvg==

"@types/node@^13.11.0":
  version "13.11.0"
  resolved "https://registry.yarnpkg.com/@types/node/-/node-13.11.0.tgz#390ea202539c61c8fa6ba4428b57e05bc36dc47b"
  integrity sha512-uM4mnmsIIPK/yeO+42F2RQhGUIs39K2RFmugcJANppXe6J1nvH87PvzPZYpza7Xhhs8Yn9yIAVdLZ84z61+0xQ==

arg@^4.1.0:
  version "4.1.3"
  resolved "https://registry.yarnpkg.com/arg/-/arg-4.1.3.tgz#269fc7ad5b8e42cb63c896d5666017261c144089"
  integrity sha512-58S9QDqG0Xx27YwPSt9fJxivjYl432YCwfDMfZ+71RAqUrZef7LrKQZ3LHLOwCS4FLNBplP533Zx895SeOCHvA==

buffer-from@^1.0.0:
  version "1.1.1"
  resolved "https://registry.yarnpkg.com/buffer-from/-/buffer-from-1.1.1.tgz#32713bc028f75c02fdb710d7c7bcec1f2c6070ef"
  integrity sha512-MQcXEUbCKtEo7bhqEs6560Hyd4XaovZlO/k9V3hjVUF/zwW7KBVdSK4gIt/bzwS9MbR5qob+F5jusZsb0YQK2A==

core-js@^3.6.1:
  version "3.6.4"
  resolved "https://registry.yarnpkg.com/core-js/-/core-js-3.6.4.tgz#440a83536b458114b9cb2ac1580ba377dc470647"
  integrity sha512-4paDGScNgZP2IXXilaffL9X7968RuvwlkK3xWtZRVqgd8SYNiVKRJvkFd1aqqEuPfN7E68ZHEp9hDj6lHj4Hyw==

dgram-as-promised@^3.0.3:
  version "3.0.3"
  resolved "https://registry.yarnpkg.com/dgram-as-promised/-/dgram-as-promised-3.0.3.tgz#c8e93fa52d979efeeb1e571d6ee0466bc3041626"
  integrity sha512-qCiV/cnNJ+TE6hUTxEVt6V83ed0nxvw3aRp9FXOeMQp+56zgVO66VR9Y0renbm9rOuaFt+s3ykdCS9CZtpfpLw==
  dependencies:
    tslib "^1.10.0"

diff@^4.0.1:
  version "4.0.2"
  resolved "https://registry.yarnpkg.com/diff/-/diff-4.0.2.tgz#60f3aecb89d5fae520c11aa19efc2bb982aade7d"
  integrity sha512-58lmxKSA4BNyLz+HHMUzlOEpg09FV+ev6ZMe3vJihgdxzgcwZ8VoEEPmALCZG9LmqfVoNMMKpttIYTVG6uDY7A==

ip-address@^6.3.0:
  version "6.3.0"
  resolved "https://registry.yarnpkg.com/ip-address/-/ip-address-6.3.0.tgz#8c031adff59b67fa1b2f0485cc5aed30bc709b69"
  integrity sha512-tYN6DnF82jBRA6ZT3C+k4LBtVUKu0Taq7GZN4yldhz6nFKVh3EDg/zRIABsu4fAT2N0iFW9D482Aqkiah1NxTg==
  dependencies:
    jsbn "1.1.0"
    lodash.find "4.6.0"
    lodash.max "4.0.1"
    lodash.merge "4.6.2"
    lodash.padstart "4.6.1"
    lodash.repeat "4.1.0"
    sprintf-js "1.1.2"

jsbn@1.1.0:
  version "1.1.0"
  resolved "https://registry.yarnpkg.com/jsbn/-/jsbn-1.1.0.tgz#b01307cb29b618a1ed26ec79e911f803c4da0040"
  integrity sha1-sBMHyym2GKHtJux56RH4A8TaAEA=

lodash.find@4.6.0:
  version "4.6.0"
  resolved "https://registry.yarnpkg.com/lodash.find/-/lodash.find-4.6.0.tgz#cb0704d47ab71789ffa0de8b97dd926fb88b13b1"
  integrity sha1-ywcE1Hq3F4n/oN6Ll92Sb7iLE7E=

lodash.max@4.0.1:
  version "4.0.1"
  resolved "https://registry.yarnpkg.com/lodash.max/-/lodash.max-4.0.1.tgz#8735566c618b35a9f760520b487ae79658af136a"
  integrity sha1-hzVWbGGLNan3YFILSHrnllivE2o=

lodash.merge@4.6.2:
  version "4.6.2"
  resolved "https://registry.yarnpkg.com/lodash.merge/-/lodash.merge-4.6.2.tgz#558aa53b43b661e1925a0afdfa36a9a1085fe57a"
  integrity sha512-0KpjqXRVvrYyCsX1swR/XTK0va6VQkQM6MNo7PqW77ByjAhoARA8EfrP1N4+KlKj8YS0ZUCtRT/YUuhyYDujIQ==

lodash.padstart@4.6.1:
  version "4.6.1"
  resolved "https://registry.yarnpkg.com/lodash.padstart/-/lodash.padstart-4.6.1.tgz#d2e3eebff0d9d39ad50f5cbd1b52a7bce6bb611b"
  integrity sha1-0uPuv/DZ05rVD1y9G1KnvOa7YRs=

lodash.repeat@4.1.0:
  version "4.1.0"
  resolved "https://registry.yarnpkg.com/lodash.repeat/-/lodash.repeat-4.1.0.tgz#fc7de8131d8c8ac07e4b49f74ffe829d1f2bec44"
  integrity sha1-/H3oEx2MisB+S0n3T/6CnR8r7EQ=

make-error@^1.1.1:
  version "1.3.6"
  resolved "https://registry.yarnpkg.com/make-error/-/make-error-1.3.6.tgz#2eb2e37ea9b67c4891f684a1394799af484cf7a2"
  integrity sha512-s8UhlNe7vPKomQhC1qFelMokr/Sc3AgNbso3n74mVPA5LTZwkB9NlXf4XPamLxJE8h0gh73rM94xvwRT2CVInw==

module-alias@^2.2.2:
  version "2.2.2"
  resolved "https://registry.yarnpkg.com/module-alias/-/module-alias-2.2.2.tgz#151cdcecc24e25739ff0aa6e51e1c5716974c0e0"
  integrity sha512-A/78XjoX2EmNvppVWEhM2oGk3x4lLxnkEA4jTbaK97QKSDjkIoOsKQlfylt/d3kKKi596Qy3NP5XrXJ6fZIC9Q==

prettier@^2.0.2:
  version "2.0.2"
  resolved "https://registry.yarnpkg.com/prettier/-/prettier-2.0.2.tgz#1ba8f3eb92231e769b7fcd7cb73ae1b6b74ade08"
  integrity sha512-5xJQIPT8BraI7ZnaDwSbu5zLrB6vvi8hVV58yHQ+QK64qrY40dULy0HSRlQ2/2IdzeBpjhDkqdcFBnFeDEMVdg==

promise-duplex@^5.0.3:
  version "5.0.3"
  resolved "https://registry.yarnpkg.com/promise-duplex/-/promise-duplex-5.0.3.tgz#92b2bb0c6c996bed35421e08bf1832b8eac4d84c"
  integrity sha512-f/1gIgfEe5RUUHwA42B6oC8nhUpFheRC4Mc6gsAJGzpNdUyCwJ2rHMBKCorB4l//zmb8j2+TPUrr3le5Jqi+iA==
  dependencies:
    core-js "^3.6.1"
    promise-readable "^5.0.4"
    promise-writable "^5.0.4"

promise-readable@^5.0.4:
  version "5.0.4"
  resolved "https://registry.yarnpkg.com/promise-readable/-/promise-readable-5.0.4.tgz#5f71fa8673e540b73e5afe62c0679fa2251a7501"
  integrity sha512-v1MqYyLQvopoi+FOVL+HErz4TB7lpaZf7H+pQo8vW6yAmJ1QZVDww7XTTwK+gqzQZylmhrlS3CaHQzLkKorZjA==
  dependencies:
    core-js "^3.6.1"

promise-socket@^6.0.3:
  version "6.0.3"
  resolved "https://registry.yarnpkg.com/promise-socket/-/promise-socket-6.0.3.tgz#90537c6a3e9b9e1fea07e7d895186b1110863002"
  integrity sha512-mCP9YcHwOh2bGmuHURSu2YnzSdOyWmMd3qKv6eSFLOY6iax+IDENou4cCtsEKIQwaj9gVlcOQVLCOB/yd4ELgg==
  dependencies:
    promise-duplex "^5.0.3"
    tslib "^1.10.0"

promise-writable@^5.0.4:
  version "5.0.4"
  resolved "https://registry.yarnpkg.com/promise-writable/-/promise-writable-5.0.4.tgz#acd64563ca0ada986be006e120bebb50e46760a4"
  integrity sha512-D8ar07P5Ntc1C9KhEOZplFdHn82BpiYn/FDc1S8PY2shrRqRcf27zq1GcMsfiP/cvEpatF6Vk3q1L+T7+5OoDw==

source-map-support@^0.5.6:
  version "0.5.16"
  resolved "https://registry.yarnpkg.com/source-map-support/-/source-map-support-0.5.16.tgz#0ae069e7fe3ba7538c64c98515e35339eac5a042"
  integrity sha512-efyLRJDr68D9hBBNIPWFjhpFzURh+KJykQwvMyW5UiZzYwoF6l4YMMDIJJEyFWxWCqfyxLzz6tSfUFR+kXXsVQ==
  dependencies:
    buffer-from "^1.0.0"
    source-map "^0.6.0"

source-map@^0.6.0:
  version "0.6.1"
  resolved "https://registry.yarnpkg.com/source-map/-/source-map-0.6.1.tgz#74722af32e9614e9c287a8d0bbde48b5e2f1a263"
  integrity sha512-UjgapumWlbMhkBgzT7Ykc5YXUT46F0iKu8SGXq0bcwP5dz/h0Plj6enJqjz1Zbq2l5WaqYnrVbwWOWMyF3F47g==

sprintf-js@1.1.2:
  version "1.1.2"
  resolved "https://registry.yarnpkg.com/sprintf-js/-/sprintf-js-1.1.2.tgz#da1765262bf8c0f571749f2ad6c26300207ae673"
  integrity sha512-VE0SOVEHCk7Qc8ulkWw3ntAzXuqf7S2lvwQaDLRnUeIEaKNQJzV6BwmLKhOqT61aGhfUMrXeaBk+oDGCzvhcug==

ts-node@^8.8.1:
  version "8.8.1"
  resolved "https://registry.yarnpkg.com/ts-node/-/ts-node-8.8.1.tgz#7c4d3e9ed33aa703b64b28d7f9d194768be5064d"
  integrity sha512-10DE9ONho06QORKAaCBpPiFCdW+tZJuY/84tyypGtl6r+/C7Asq0dhqbRZURuUlLQtZxxDvT8eoj8cGW0ha6Bg==
  dependencies:
    arg "^4.1.0"
    diff "^4.0.1"
    make-error "^1.1.1"
    source-map-support "^0.5.6"
    yn "3.1.1"

tslib@^1.10.0:
  version "1.11.1"
  resolved "https://registry.yarnpkg.com/tslib/-/tslib-1.11.1.tgz#eb15d128827fbee2841549e171f45ed338ac7e35"
  integrity sha512-aZW88SY8kQbU7gpV19lN24LtXh/yD4ZZg6qieAJDDg+YBsJcSmLGK9QpnUjAKVG/xefmvJGd1WUmfpT/g6AJGA==

typescript@^3.8.3:
  version "3.8.3"
  resolved "https://registry.yarnpkg.com/typescript/-/typescript-3.8.3.tgz#409eb8544ea0335711205869ec458ab109ee1061"
  integrity sha512-MYlEfn5VrLNsgudQTVJeNaQFUAI7DkhnOjdpAp4T+ku1TfQClewlbSuTVHiA+8skNBgaf02TL/kLOvig4y3G8w==

yn@3.1.1:
  version "3.1.1"
  resolved "https://registry.yarnpkg.com/yn/-/yn-3.1.1.tgz#1e87401a09d767c1d5eab26a6e4c185182d2eb50"
  integrity sha512-Ux4ygGWsu2c7isFWe8Yu1YluJmqVhxqK2cLXNQA5AcC3QfbGNpM7fu0Y8b/z16pXLnFxZYvWhd3fhBY9DLmC6Q==
